
Microsoft Visual Studio Solution File, Format Version 12.00
# Visual Studio Version 17
VisualStudioVersion = 17.3.32819.101
MinimumVisualStudioVersion = 10.0.40219.1
Project("{FAE04EC0-301F-11D3-BF4B-00C04F79EFBC}") = "Monopoly", "Monopoly\Monopoly.csproj", "{97AAAE92-7D07-4501-8A2C-B1CF59B9DA18}"
EndProject
Global
	GlobalSection(SolutionConfigurationPlatforms) = preSolution
		Debug|Any CPU = Debug|Any CPU
		Release|Any CPU = Release|Any CPU
	EndGlobalSection
	GlobalSection(ProjectConfigurationPlatforms) = postSolution
		{97AAAE92-7D07-4501-8A2C-B1CF59B9DA18}.Debug|Any CPU.ActiveCfg = Debug|Any CPU
		{97AAAE92-7D07-4501-8A2C-B1CF59B9DA18}.Debug|Any CPU.Build.0 = Debug|Any CPU
		{97AAAE92-7D07-4501-8A2C-B1CF59B9DA18}.Release|Any CPU.ActiveCfg = Release|Any CPU
		{97AAAE92-7D07-4501-8A2C-B1CF59B9DA18}.Release|Any CPU.Build.0 = Release|Any CPU
	EndGlobalSection
	GlobalSection(SolutionProperties) = preSolution
		HideSolutionNode = FALSE
	EndGlobalSection
	GlobalSection(ExtensibilityGlobals) = postSolution
		SolutionGuid = {2CFB4D87-E73E-4EC1-8A81-E80515993F79}
	EndGlobalSection
EndGlobal
